// !$*UTF8*$!
{
	archiveVersion = 1;
	classes = {
	};
	objectVersion = 55;
	objects = {

/* Begin PBXBuildFile section */
		040079CC28D9BFAC00E3D549 /* swiftUIDynamicAnimatorDemoApp.swift in Sources */ = {isa = PBXBuildFile; fileRef = 040079CB28D9BFAC00E3D549 /* swiftUIDynamicAnimatorDemoApp.swift */; };
		040079CE28D9BFAC00E3D549 /* ContentView.swift in Sources */ = {isa = PBXBuildFile; fileRef = 040079CD28D9BFAC00E3D549 /* ContentView.swift */; };
		040079D028D9BFAD00E3D549 /* Assets.xcassets in Resources */ = {isa = PBXBuildFile; fileRef = 040079CF28D9BFAD00E3D549 /* Assets.xcassets */; };
		040079D328D9BFAD00E3D549 /* Preview Assets.xcassets in Resources */ = {isa = PBXBuildFile; fileRef = 040079D228D9BFAD00E3D549 /* Preview Assets.xcassets */; };
		040079DA28D9C07B00E3D549 /* AnimatorViewRepresentable.swift in Sources */ = {isa = PBXBuildFile; fileRef = 040079D928D9C07B00E3D549 /* AnimatorViewRepresentable.swift */; };
		04F698BC28E1BC1000548800 /* UILabel+.swift in Sources */ = {isa = PBXBuildFile; fileRef = 04F698BB28E1BC1000548800 /* UILabel+.swift */; };
		04F698BE28E1BC1200548800 /* UIScrollView+.swift in Sources */ = {isa = PBXBuildFile; fileRef = 04F698BD28E1BC1200548800 /* UIScrollView+.swift */; };
		04F698C028E1BC1800548800 /* UIView+.swift in Sources */ = {isa = PBXBuildFile; fileRef = 04F698BF28E1BC1800548800 /* UIView+.swift */; };
		04FEFD7B28DC614000DCA0EC /* StringExtention.swift in Sources */ = {isa = PBXBuildFile; fileRef = 04FEFD7A28DC614000DCA0EC /* StringExtention.swift */; };
/* End PBXBuildFile section */

/* Begin PBXFileReference section */
		040079C828D9BFAC00E3D549 /* swiftUIDynamicAnimatorDemo.app */ = {isa = PBXFileReference; explicitFileType = wrapper.application; includeInIndex = 0; path = swiftUIDynamicAnimatorDemo.app; sourceTree = BUILT_PRODUCTS_DIR; };
		040079CB28D9BFAC00E3D549 /* swiftUIDynamicAnimatorDemoApp.swift */ = {isa = PBXFileReference; lastKnownFileType = sourcecode.swift; path = swiftUIDynamicAnimatorDemoApp.swift; sourceTree = "<group>"; };
		040079CD28D9BFAC00E3D549 /* ContentView.swift */ = {isa = PBXFileReference; lastKnownFileType = sourcecode.swift; path = ContentView.swift; sourceTree = "<group>"; };
		040079CF28D9BFAD00E3D549 /* Assets.xcassets */ = {isa = PBXFileReference; lastKnownFileType = folder.assetcatalog; path = Assets.xcassets; sourceTree = "<group>"; };
		040079D228D9BFAD00E3D549 /* Preview Assets.xcassets */ = {isa = PBXFileReference; lastKnownFileType = folder.assetcatalog; path = "Preview Assets.xcassets"; sourceTree = "<group>"; };
		040079D928D9C07B00E3D549 /* AnimatorViewRepresentable.swift */ = {isa = PBXFileReference; fileEncoding = 4; lastKnownFileType = sourcecode.swift; path = AnimatorViewRepresentable.swift; sourceTree = "<group>"; };
		04F698BB28E1BC1000548800 /* UILabel+.swift */ = {isa = PBXFileReference; lastKnownFileType = sourcecode.swift; path = "UILabel+.swift"; sourceTree = "<group>"; };
		04F698BD28E1BC1200548800 /* UIScrollView+.swift */ = {isa = PBXFileReference; lastKnownFileType = sourcecode.swift; path = "UIScrollView+.swift"; sourceTree = "<group>"; };
		04F698BF28E1BC1800548800 /* UIView+.swift */ = {isa = PBXFileReference; lastKnownFileType = sourcecode.swift; path = "UIView+.swift"; sourceTree = "<group>"; };
		04FEFD7A28DC614000DCA0EC /* StringExtention.swift */ = {isa = PBXFileReference; lastKnownFileType = sourcecode.swift; path = StringExtention.swift; sourceTree = "<group>"; };
/* End PBXFileReference section */

/* Begin PBXFrameworksBuildPhase section */
		040079C528D9BFAC00E3D549 /* Frameworks */ = {
			isa = PBXFrameworksBuildPhase;
			buildActionMask = 2147483647;
			files = (
			);
			runOnlyForDeploymentPostprocessing = 0;
		};
/* End PBXFrameworksBuildPhase section */

/* Begin PBXGroup section */
		040079BF28D9BFAC00E3D549 = {
			isa = PBXGroup;
			children = (
				040079CA28D9BFAC00E3D549 /* swiftUIDynamicAnimatorDemo */,
				040079C928D9BFAC00E3D549 /* Products */,
			);
			sourceTree = "<group>";
		};
		040079C928D9BFAC00E3D549 /* Products */ = {
			isa = PBXGroup;
			children = (
				040079C828D9BFAC00E3D549 /* swiftUIDynamicAnimatorDemo.app */,
			);
			name = Products;
			sourceTree = "<group>";
		};
		040079CA28D9BFAC00E3D549 /* swiftUIDynamicAnimatorDemo */ = {
			isa = PBXGroup;
			children = (
				040079CB28D9BFAC00E3D549 /* swiftUIDynamicAnimatorDemoApp.swift */,
				040079CD28D9BFAC00E3D549 /* ContentView.swift */,
				040079D928D9C07B00E3D549 /* AnimatorViewRepresentable.swift */,
				04FEFD7A28DC614000DCA0EC /* StringExtention.swift */,
				04F698BB28E1BC1000548800 /* UILabel+.swift */,
				04F698BD28E1BC1200548800 /* UIScrollView+.swift */,
				04F698BF28E1BC1800548800 /* UIView+.swift */,
				040079CF28D9BFAD00E3D549 /* Assets.xcassets */,
				040079D128D9BFAD00E3D549 /* Preview Content */,
			);
			path = swiftUIDynamicAnimatorDemo;
			sourceTree = "<group>";
		};
		040079D128D9BFAD00E3D549 /* Preview Content */ = {
			isa = PBXGroup;
			children = (
				040079D228D9BFAD00E3D549 /* Preview Assets.xcassets */,
			);
			path = "Preview Content";
			sourceTree = "<group>";
		};
/* End PBXGroup section */

/* Begin PBXNativeTarget section */
		040079C728D9BFAC00E3D549 /* swiftUIDynamicAnimatorDemo */ = {
			isa = PBXNativeTarget;
			buildConfigurationList = 040079D628D9BFAD00E3D549 /* Build configuration list for PBXNativeTarget "swiftUIDynamicAnimatorDemo" */;
			buildPhases = (
				040079C428D9BFAC00E3D549 /* Sources */,
				040079C528D9BFAC00E3D549 /* Frameworks */,
				040079C628D9BFAC00E3D549 /* Resources */,
			);
			buildRules = (
			);
			dependencies = (
			);
			name = swiftUIDynamicAnimatorDemo;
			productName = swiftUIDynamicAnimatorDemo;
			productReference = 040079C828D9BFAC00E3D549 /* swiftUIDynamicAnimatorDemo.app */;
			productType = "com.apple.product-type.application";
		};
/* End PBXNativeTarget section */

/* Begin PBXProject section */
		040079C028D9BFAC00E3D549 /* Project object */ = {
			isa = PBXProject;
			attributes = {
				BuildIndependentTargetsInParallel = 1;
				LastSwiftUpdateCheck = 1340;
				LastUpgradeCheck = 1340;
				TargetAttributes = {
					040079C728D9BFAC00E3D549 = {
						CreatedOnToolsVersion = 13.4.1;
					};
				};
			};
			buildConfigurationList = 040079C328D9BFAC00E3D549 /* Build configuration list for PBXProject "swiftUIDynamicAnimatorDemo" */;
			compatibilityVersion = "Xcode 13.0";
			developmentRegion = en;
			hasScannedForEncodings = 0;
			knownRegions = (
				en,
				Base,
			);
			mainGroup = 040079BF28D9BFAC00E3D549;
			productRefGroup = 040079C928D9BFAC00E3D549 /* Products */;
			projectDirPath = "";
			projectRoot = "";
			targets = (
				040079C728D9BFAC00E3D549 /* swiftUIDynamicAnimatorDemo */,
			);
		};
/* End PBXProject section */

/* Begin PBXResourcesBuildPhase section */
		040079C628D9BFAC00E3D549 /* Resources */ = {
			isa = PBXResourcesBuildPhase;
			buildActionMask = 2147483647;
			files = (
				040079D328D9BFAD00E3D549 /* Preview Assets.xcassets in Resources */,
				040079D028D9BFAD00E3D549 /* Assets.xcassets in Resources */,
			);
			runOnlyForDeploymentPostprocessing = 0;
		};
/* End PBXResourcesBuildPhase section */

/* Begin PBXSourcesBuildPhase section */
		040079C428D9BFAC00E3D549 /* Sources */ = {
			isa = PBXSourcesBuildPhase;
			buildActionMask = 2147483647;
			files = (
				040079DA28D9C07B00E3D549 /* AnimatorViewRepresentable.swift in Sources */,
				04FEFD7B28DC614000DCA0EC /* StringExtention.swift in Sources */,
				04F698C028E1BC1800548800 /* UIView+.swift in Sources */,
				04F698BC28E1BC1000548800 /* UILabel+.swift in Sources */,
				04F698BE28E1BC1200548800 /* UIScrollView+.swift in Sources */,
				040079CE28D9BFAC00E3D549 /* ContentView.swift in Sources */,
				040079CC28D9BFAC00E3D549 /* swiftUIDynamicAnimatorDemoApp.swift in Sources */,
			);
			runOnlyForDeploymentPostprocessing = 0;
		};
/* End PBXSourcesBuildPhase section */

/* Begin XCBuildConfiguration section */
		040079D428D9BFAD00E3D549 /* Debug */ = {
			isa = XCBuildConfiguration;
			buildSettings = {
				ALWAYS_SEARCH_USER_PATHS = NO;
				CLANG_ANALYZER_NONNULL = YES;
				CLANG_ANALYZER_NUMBER_OBJECT_CONVERSION = YES_AGGRESSIVE;
				CLANG_CXX_LANGUAGE_STANDARD = "gnu++17";
				CLANG_ENABLE_MODULES = YES;
				CLANG_ENABLE_OBJC_ARC = YES;
				CLANG_ENABLE_OBJC_WEAK = YES;
				CLANG_WARN_BLOCK_CAPTURE_AUTORELEASING = YES;
				CLANG_WARN_BOOL_CONVERSION = YES;
				CLANG_WARN_COMMA = YES;
				CLANG_WARN_CONSTANT_CONVERSION = YES;
				CLANG_WARN_DEPRECATED_OBJC_IMPLEMENTATIONS = YES;
				CLANG_WARN_DIRECT_OBJC_ISA_USAGE = YES_ERROR;
				CLANG_WARN_DOCUMENTATION_COMMENTS = YES;
				CLANG_WARN_EMPTY_BODY = YES;
				CLANG_WARN_ENUM_CONVERSION = YES;
				CLANG_WARN_INFINITE_RECURSION = YES;
				CLANG_WARN_INT_CONVERSION = YES;
				CLANG_WARN_NON_LITERAL_NULL_CONVERSION = YES;
				CLANG_WARN_OBJC_IMPLICIT_RETAIN_SELF = YES;
				CLANG_WARN_OBJC_LITERAL_CONVERSION = YES;
				CLANG_WARN_OBJC_ROOT_CLASS = YES_ERROR;
				CLANG_WARN_QUOTED_INCLUDE_IN_FRAMEWORK_HEADER = YES;
				CLANG_WARN_RANGE_LOOP_ANALYSIS = YES;
				CLANG_WARN_STRICT_PROTOTYPES = YES;
				CLANG_WARN_SUSPICIOUS_MOVE = YES;
				CLANG_WARN_UNGUARDED_AVAILABILITY = YES_AGGRESSIVE;
				CLANG_WARN_UNREACHABLE_CODE = YES;
				CLANG_WARN__DUPLICATE_METHOD_MATCH = YES;
				COPY_PHASE_STRIP = NO;
				DEBUG_INFORMATION_FORMAT = dwarf;
				ENABLE_STRICT_OBJC_MSGSEND = YES;
				ENABLE_TESTABILITY = YES;
				GCC_C_LANGUAGE_STANDARD = gnu11;
				GCC_DYNAMIC_NO_PIC = NO;
				GCC_NO_COMMON_BLOCKS = YES;
				GCC_OPTIMIZATION_LEVEL = 0;
				GCC_PREPROCESSOR_DEFINITIONS = (
					"DEBUG=1",
					"$(inherited)",
				);
				GCC_WARN_64_TO_32_BIT_CONVERSION = YES;
				GCC_WARN_ABOUT_RETURN_TYPE = YES_ERROR;
				GCC_WARN_UNDECLARED_SELECTOR = YES;
				GCC_WARN_UNINITIALIZED_AUTOS = YES_AGGRESSIVE;
				GCC_WARN_UNUSED_FUNCTION = YES;
				GCC_WARN_UNUSED_VARIABLE = YES;
				IPHONEOS_DEPLOYMENT_TARGET = 15.0;
				MTL_ENABLE_DEBUG_INFO = INCLUDE_SOURCE;
				MTL_FAST_MATH = YES;
				ONLY_ACTIVE_ARCH = YES;
				SDKROOT = iphoneos;
				SWIFT_ACTIVE_COMPILATION_CONDITIONS = DEBUG;
				SWIFT_OPTIMIZATION_LEVEL = "-Onone";
			};
			name = Debug;
		};
		040079D528D9BFAD00E3D549 /* Release */ = {
			isa = XCBuildConfiguration;
			buildSettings = {
				ALWAYS_SEARCH_USER_PATHS = NO;
				CLANG_ANALYZER_NONNULL = YES;
				CLANG_ANALYZER_NUMBER_OBJECT_CONVERSION = YES_AGGRESSIVE;
				CLANG_CXX_LANGUAGE_STANDARD = "gnu++17";
				CLANG_ENABLE_MODULES = YES;
				CLANG_ENABLE_OBJC_ARC = YES;
				CLANG_ENABLE_OBJC_WEAK = YES;
				CLANG_WARN_BLOCK_CAPTURE_AUTORELEASING = YES;
				CLANG_WARN_BOOL_CONVERSION = YES;
				CLANG_WARN_COMMA = YES;
				CLANG_WARN_CONSTANT_CONVERSION = YES;
				CLANG_WARN_DEPRECATED_OBJC_IMPLEMENTATIONS = YES;
				CLANG_WARN_DIRECT_OBJC_ISA_USAGE = YES_ERROR;
				CLANG_WARN_DOCUMENTATION_COMMENTS = YES;
				CLANG_WARN_EMPTY_BODY = YES;
				CLANG_WARN_ENUM_CONVERSION = YES;
				CLANG_WARN_INFINITE_RECURSION = YES;
				CLANG_WARN_INT_CONVERSION = YES;
				CLANG_WARN_NON_LITERAL_NULL_CONVERSION = YES;
				CLANG_WARN_OBJC_IMPLICIT_RETAIN_SELF = YES;
				CLANG_WARN_OBJC_LITERAL_CONVERSION = YES;
				CLANG_WARN_OBJC_ROOT_CLASS = YES_ERROR;
				CLANG_WARN_QUOTED_INCLUDE_IN_FRAMEWORK_HEADER = YES;
				CLANG_WARN_RANGE_LOOP_ANALYSIS = YES;
				CLANG_WARN_STRICT_PROTOTYPES = YES;
				CLANG_WARN_SUSPICIOUS_MOVE = YES;
				CLANG_WARN_UNGUARDED_AVAILABILITY = YES_AGGRESSIVE;
				CLANG_WARN_UNREACHABLE_CODE = YES;
				CLANG_WARN__DUPLICATE_METHOD_MATCH = YES;
				COPY_PHASE_STRIP = NO;
				DEBUG_INFORMATION_FORMAT = "dwarf-with-dsym";
				ENABLE_NS_ASSERTIONS = NO;
				ENABLE_STRICT_OBJC_MSGSEND = YES;
				GCC_C_LANGUAGE_STANDARD = gnu11;
				GCC_NO_COMMON_BLOCKS = YES;
				GCC_WARN_64_TO_32_BIT_CONVERSION = YES;
				GCC_WARN_ABOUT_RETURN_TYPE = YES_ERROR;
				GCC_WARN_UNDECLARED_SELECTOR = YES;
				GCC_WARN_UNINITIALIZED_AUTOS = YES_AGGRESSIVE;
				GCC_WARN_UNUSED_FUNCTION = YES;
				GCC_WARN_UNUSED_VARIABLE = YES;
				IPHONEOS_DEPLOYMENT_TARGET = 15.0;
				MTL_ENABLE_DEBUG_INFO = NO;
				MTL_FAST_MATH = YES;
				SDKROOT = iphoneos;
				SWIFT_COMPILATION_MODE = wholemodule;
				SWIFT_OPTIMIZATION_LEVEL = "-O";
				VALIDATE_PRODUCT = YES;
			};
			name = Release;
		};
		040079D728D9BFAD00E3D549 /* Debug */ = {
			isa = XCBuildConfiguration;
			buildSettings = {
				ASSETCATALOG_COMPILER_APPICON_NAME = AppIcon;
				ASSETCATALOG_COMPILER_GLOBAL_ACCENT_COLOR_NAME = AccentColor;
				CODE_SIGN_STYLE = Automatic;
				CURRENT_PROJECT_VERSION = 1;
				DEVELOPMENT_ASSET_PATHS = "\"swiftUIDynamicAnimatorDemo/Preview Content\"";
				ENABLE_PREVIEWS = YES;
				GENERATE_INFOPLIST_FILE = YES;
				INFOPLIST_KEY_UIApplicationSceneManifest_Generation = YES;
				INFOPLIST_KEY_UIApplicationSupportsIndirectInputEvents = YES;
				INFOPLIST_KEY_UILaunchScreen_Generation = YES;
				INFOPLIST_KEY_UISupportedInterfaceOrientations_iPad = "UIInterfaceOrientationPortrait UIInterfaceOrientationPortraitUpsideDown UIInterfaceOrientationLandscapeLeft UIInterfaceOrientationLandscapeRight";
				INFOPLIST_KEY_UISupportedInterfaceOrientations_iPhone = "UIInterfaceOrientationPortrait UIInterfaceOrientationLandscapeLeft UIInterfaceOrientationLandscapeRight";
				LD_RUNPATH_SEARCH_PATHS = (
					"$(inherited)",
					"@executable_path/Frameworks",
				);
				MARKETING_VERSION = 1.0;
				PRODUCT_BUNDLE_IDENTIFIER = "-23.swiftUIDynamicAnimatorDemo";
				PRODUCT_NAME = "$(TARGET_NAME)";
				SWIFT_EMIT_LOC_STRINGS = YES;
				SWIFT_VERSION = 5.0;
				TARGETED_DEVICE_FAMILY = "1,2";
			};
			name = Debug;
		};
		040079D828D9BFAD00E3D549 /* Release */ = {
			isa = XCBuildConfiguration;
			buildSettings = {
				ASSETCATALOG_COMPILER_APPICON_NAME = AppIcon;
				ASSETCATALOG_COMPILER_GLOBAL_ACCENT_COLOR_NAME = AccentColor;
				CODE_SIGN_STYLE = Automatic;
				CURRENT_PROJECT_VERSION = 1;
				DEVELOPMENT_ASSET_PATHS = "\"swiftUIDynamicAnimatorDemo/Preview Content\"";
				ENABLE_PREVIEWS = YES;
				GENERATE_INFOPLIST_FILE = YES;
				INFOPLIST_KEY_UIApplicationSceneManifest_Generation = YES;
				INFOPLIST_KEY_UIApplicationSupportsIndirectInputEvents = YES;
				INFOPLIST_KEY_UILaunchScreen_Generation = YES;
				INFOPLIST_KEY_UISupportedInterfaceOrientations_iPad = "UIInterfaceOrientationPortrait UIInterfaceOrientationPortraitUpsideDown UIInterfaceOrientationLandscapeLeft UIInterfaceOrientationLandscapeRight";
				INFOPLIST_KEY_UISupportedInterfaceOrientations_iPhone = "UIInterfaceOrientationPortrait UIInterfaceOrientationLandscapeLeft UIInterfaceOrientationLandscapeRight";
				LD_RUNPATH_SEARCH_PATHS = (
					"$(inherited)",
					"@executable_path/Frameworks",
				);
				MARKETING_VERSION = 1.0;
				PRODUCT_BUNDLE_IDENTIFIER = "-23.swiftUIDynamicAnimatorDemo";
				PRODUCT_NAME = "$(TARGET_NAME)";
				SWIFT_EMIT_LOC_STRINGS = YES;
				SWIFT_VERSION = 5.0;
				TARGETED_DEVICE_FAMILY = "1,2";
			};
			name = Release;
		};
/* End XCBuildConfiguration section */

/* Begin XCConfigurationList section */
		040079C328D9BFAC00E3D549 /* Build configuration list for PBXProject "swiftUIDynamicAnimatorDemo" */ = {
			isa = XCConfigurationList;
			buildConfigurations = (
				040079D428D9BFAD00E3D549 /* Debug */,
				040079D528D9BFAD00E3D549 /* Release */,
			);
			defaultConfigurationIsVisible = 0;
			defaultConfigurationName = Release;
		};
		040079D628D9BFAD00E3D549 /* Build configuration list for PBXNativeTarget "swiftUIDynamicAnimatorDemo" */ = {
			isa = XCConfigurationList;
			buildConfigurations = (
				040079D728D9BFAD00E3D549 /* Debug */,
				040079D828D9BFAD00E3D549 /* Release */,
			);
			defaultConfigurationIsVisible = 0;
			defaultConfigurationName = Release;
		};
/* End XCConfigurationList section */
	};
	rootObject = 040079C028D9BFAC00E3D549 /* Project object */;
}
